<?xml version="1.0" encoding="utf-8"?>
<Project ToolsVersion="4.0" xmlns="http://schemas.microsoft.com/developer/msbuild/2003">
  <ItemGroup>
    <Filter Include="Windows">
      <UniqueIdentifier>{fb6c0321-777f-4036-9b55-168b57eb9e56}</UniqueIdentifier>
    </Filter>
    <Filter Include="Windows\Header">
      <UniqueIdentifier>{93995380-89BD-4b04-88EB-625FBE52EBFB}</UniqueIdentifier>
      <Extensions>h;hh;hpp;hxx;h++;hm;inl;inc;ipp;xsd</Extensions>
    </Filter>
    <Filter Include="Windows\WindowResource">
      <UniqueIdentifier>{67DA6AB6-F800-4c08-8B7A-83BB121AAD01}</UniqueIdentifier>
      <Extensions>rc;ico;cur;bmp;dlg;rc2;rct;bin;rgs;gif;jpg;jpeg;jpe;resx;tiff;tif;png;wav;mfcribbon-ms</Extensions>
    </Filter>
    <Filter Include="Engine">
      <UniqueIdentifier>{d761c078-7d4b-48cf-b776-191ac092f63e}</UniqueIdentifier>
    </Filter>
    <Filter Include="Engine\GameObject">
      <UniqueIdentifier>{6f86b4e6-b7f0-4f12-b557-912b415f3397}</UniqueIdentifier>
    </Filter>
    <Filter Include="Engine\Common">
      <UniqueIdentifier>{c62476ef-0f69-43f7-a5b0-8aabeaa9d21c}</UniqueIdentifier>
    </Filter>
    <Filter Include="Engine\Component">
      <UniqueIdentifier>{17f2f673-34a7-4f23-98bc-9d9a5824e958}</UniqueIdentifier>
    </Filter>
    <Filter Include="Engine\Component\Transform">
      <UniqueIdentifier>{5e60d8a5-0801-4f15-95a7-24fbdfcbf238}</UniqueIdentifier>
    </Filter>
    <Filter Include="Engine\Entity">
      <UniqueIdentifier>{caada6b0-1b13-4448-a92a-4b4d8ad433ed}</UniqueIdentifier>
    </Filter>
    <Filter Include="Engine\High Level interface">
      <UniqueIdentifier>{f1f486a8-fbde-4991-9b08-721947be1c11}</UniqueIdentifier>
    </Filter>
    <Filter Include="Engine\Input">
      <UniqueIdentifier>{7ed6b92c-cd92-40a0-9239-1cd14db11bbe}</UniqueIdentifier>
    </Filter>
    <Filter Include="Engine\Random">
      <UniqueIdentifier>{6926fa47-73b5-4741-b41c-dfac4dbd5054}</UniqueIdentifier>
    </Filter>
    <Filter Include="Engine\Layer">
      <UniqueIdentifier>{524b02ee-11b2-4d63-848e-86493f1976fc}</UniqueIdentifier>
    </Filter>
    <Filter Include="Engine\Scene">
      <UniqueIdentifier>{bbb6b2f9-c196-4d7b-a8fc-31abe4b9c983}</UniqueIdentifier>
    </Filter>
    <Filter Include="Engine\Common\Time">
      <UniqueIdentifier>{57b6f330-70b1-46a0-b4e0-3027eef75785}</UniqueIdentifier>
    </Filter>
    <Filter Include="Contents">
      <UniqueIdentifier>{6bc758ed-0a17-420b-b41d-6dc69fe6e4fa}</UniqueIdentifier>
    </Filter>
    <Filter Include="Engine\Resource">
      <UniqueIdentifier>{269d728f-26d2-44cf-81de-0d177740fc23}</UniqueIdentifier>
    </Filter>
    <Filter Include="Engine\Resource\Image">
      <UniqueIdentifier>{461ac982-cada-418e-a3aa-2f2f05fed3f7}</UniqueIdentifier>
    </Filter>
    <Filter Include="Engine\Component\Animator">
      <UniqueIdentifier>{ba23b4a9-2851-4d20-8baa-0e666fcdce22}</UniqueIdentifier>
    </Filter>
    <Filter Include="Engine\Resource\Animation">
      <UniqueIdentifier>{bfcbd7fd-0115-429d-8dba-8e6b4cbe6df5}</UniqueIdentifier>
    </Filter>
    <Filter Include="Engine\Component\Collider">
      <UniqueIdentifier>{9db0c697-e8ee-4257-b3d1-00b7ce475799}</UniqueIdentifier>
    </Filter>
    <Filter Include="Engine\Collision">
      <UniqueIdentifier>{e540dea1-0b00-457b-8cdf-67291ea60ef8}</UniqueIdentifier>
    </Filter>
    <Filter Include="Contents\Stageone">
      <UniqueIdentifier>{6e933451-f9d6-49b1-a452-0c8f28b6f912}</UniqueIdentifier>
    </Filter>
    <Filter Include="Contents\Stageone\GameObject">
      <UniqueIdentifier>{38981411-7f9b-4d21-81cd-4524bd2f9f55}</UniqueIdentifier>
    </Filter>
    <Filter Include="Contents\Stageone\GameObject\Player">
      <UniqueIdentifier>{b91b2f38-a30a-4d63-84f1-ede4a1d5add1}</UniqueIdentifier>
    </Filter>
    <Filter Include="Contents\Stageone\GameObject\BackGround">
      <UniqueIdentifier>{6fefd915-df61-47c1-9e7c-0b11dea00377}</UniqueIdentifier>
    </Filter>
    <Filter Include="Contents\Stageone\GameObject\Text">
      <UniqueIdentifier>{d88d30ec-14bb-473c-8f06-7a1181761619}</UniqueIdentifier>
    </Filter>
    <Filter Include="Contents\Stageone\GameObject\Monster">
      <UniqueIdentifier>{7c26ba8e-7931-4d95-b9d2-3047f9d28d21}</UniqueIdentifier>
    </Filter>
    <Filter Include="Contents\Stageone\GameObject\Devil">
      <UniqueIdentifier>{fc50c111-3d99-4f2d-8fdb-adeb5d469760}</UniqueIdentifier>
    </Filter>
    <Filter Include="Contents\Stageone\GameObject\UI">
      <UniqueIdentifier>{6c5e8f8e-7436-4af4-83a3-f3c6b0da23fa}</UniqueIdentifier>
    </Filter>
    <Filter Include="Contents\Stagetwo">
      <UniqueIdentifier>{08af23ab-56fd-4ddf-a479-109ee7c6e131}</UniqueIdentifier>
    </Filter>
    <Filter Include="Contents\Stageone\Scene">
      <UniqueIdentifier>{2635b6c3-ca78-4b78-81b1-53cd58b622ec}</UniqueIdentifier>
    </Filter>
    <Filter Include="Contents\Stageone\GameObject\Wall">
      <UniqueIdentifier>{8a6ea64c-43ee-4959-a070-37ea4ddfd8b5}</UniqueIdentifier>
    </Filter>
    <Filter Include="Engine\Tool">
      <UniqueIdentifier>{94e5e32e-cec9-4840-9d16-7578a441aae8}</UniqueIdentifier>
    </Filter>
  </ItemGroup>
  <ItemGroup>
    <ClInclude Include="framework.h">
      <Filter>Windows\Header</Filter>
    </ClInclude>
    <ClInclude Include="targetver.h">
      <Filter>Windows\Header</Filter>
    </ClInclude>
    <ClInclude Include="Resource.h">
      <Filter>Windows\Header</Filter>
    </ClInclude>
    <ClInclude Include="Client.h">
      <Filter>Windows\Header</Filter>
    </ClInclude>
    <ClInclude Include="Commoninclude.h">
      <Filter>Engine\Common</Filter>
    </ClInclude>
    <ClInclude Include="jmMath.h">
      <Filter>Engine\Common</Filter>
    </ClInclude>
    <ClInclude Include="jmApplication.h">
      <Filter>Engine\High Level interface</Filter>
    </ClInclude>
    <ClInclude Include="jmInput.h">
      <Filter>Engine\Input</Filter>
    </ClInclude>
    <ClInclude Include="jmrand.h">
      <Filter>Engine\Random</Filter>
    </ClInclude>
    <ClInclude Include="jmTime.h">
      <Filter>Engine\Common\Time</Filter>
    </ClInclude>
    <ClInclude Include="jmEntity.h">
      <Filter>Engine\Entity</Filter>
    </ClInclude>
    <ClInclude Include="jmGameObject.h">
      <Filter>Engine\GameObject</Filter>
    </ClInclude>
    <ClInclude Include="jmLayer.h">
      <Filter>Engine\Layer</Filter>
    </ClInclude>
    <ClInclude Include="jmComponent.h">
      <Filter>Engine\Component</Filter>
    </ClInclude>
    <ClInclude Include="jmSpriteRenderer.h">
      <Filter>Engine\Component</Filter>
    </ClInclude>
    <ClInclude Include="jmTransform.h">
      <Filter>Engine\Component\Transform</Filter>
    </ClInclude>
    <ClInclude Include="jmScene.h">
      <Filter>Engine\Scene</Filter>
    </ClInclude>
    <ClInclude Include="jmPlayer.h">
      <Filter>Contents\Stageone\GameObject\Player</Filter>
    </ClInclude>
    <ClInclude Include="jmTitleScene.h">
      <Filter>Contents\Stageone\Scene</Filter>
    </ClInclude>
    <ClInclude Include="jmSceneManager.h">
      <Filter>Engine\Scene</Filter>
    </ClInclude>
    <ClInclude Include="jmObject.h">
      <Filter>Engine\GameObject</Filter>
    </ClInclude>
    <ClInclude Include="jmPlayScene.h">
      <Filter>Contents\Stageone\Scene</Filter>
    </ClInclude>
    <ClInclude Include="jmCutScene.h">
      <Filter>Contents\Stageone\Scene</Filter>
    </ClInclude>
    <ClInclude Include="jmBackGround.h">
      <Filter>Contents\Stageone\GameObject\BackGround</Filter>
    </ClInclude>
    <ClInclude Include="jmText.h">
      <Filter>Contents\Stageone\GameObject\Text</Filter>
    </ClInclude>
    <ClInclude Include="jmEndingScene.h">
      <Filter>Contents\Stageone\Scene</Filter>
    </ClInclude>
    <ClInclude Include="jmResource.h">
      <Filter>Engine\Resource</Filter>
    </ClInclude>
    <ClInclude Include="jmResources.h">
      <Filter>Engine\Resource</Filter>
    </ClInclude>
    <ClInclude Include="jmTexture.h">
      <Filter>Engine\Resource\Image</Filter>
    </ClInclude>
    <ClInclude Include="jmDevil.h">
      <Filter>Contents\Stageone\GameObject\Devil</Filter>
    </ClInclude>
    <ClInclude Include="jmUI.h">
      <Filter>Contents\Stageone\GameObject\UI</Filter>
    </ClInclude>
    <ClInclude Include="jmAnimator.h">
      <Filter>Engine\Component\Animator</Filter>
    </ClInclude>
    <ClInclude Include="jmAnimation.h">
      <Filter>Engine\Resource\Animation</Filter>
    </ClInclude>
    <ClInclude Include="jmCollider.h">
      <Filter>Engine\Component\Collider</Filter>
    </ClInclude>
    <ClInclude Include="jmCollisionManager.h">
      <Filter>Engine\Collision</Filter>
    </ClInclude>
    <ClInclude Include="jmWall.h">
      <Filter>Contents\Stageone\GameObject\Wall</Filter>
    </ClInclude>
    <ClInclude Include="jmTile.h">
      <Filter>Engine\Tool</Filter>
    </ClInclude>
    <ClInclude Include="jmToolScene.h">
      <Filter>Contents\Stageone\Scene</Filter>
    </ClInclude>
    <ClInclude Include="jmMonster.h">
      <Filter>Contents\Stageone\GameObject\Monster</Filter>
    </ClInclude>
  </ItemGroup>
  <ItemGroup>
    <ResourceCompile Include="Client.rc">
      <Filter>Windows\WindowResource</Filter>
    </ResourceCompile>
  </ItemGroup>
  <ItemGroup>
    <Image Include="small.ico">
      <Filter>Windows\WindowResource</Filter>
    </Image>
    <Image Include="Client.ico">
      <Filter>Windows\WindowResource</Filter>
    </Image>
  </ItemGroup>
  <ItemGroup>
    <ClCompile Include="Client.cpp" />
    <ClCompile Include="jmApplication.cpp">
      <Filter>Engine\High Level interface</Filter>
    </ClCompile>
    <ClCompile Include="jmInput.cpp">
      <Filter>Engine\Input</Filter>
    </ClCompile>
    <ClCompile Include="jmrand.cpp">
      <Filter>Engine\Random</Filter>
    </ClCompile>
    <ClCompile Include="jmTime.cpp">
      <Filter>Engine\Common\Time</Filter>
    </ClCompile>
    <ClCompile Include="jmEntity.cpp">
      <Filter>Engine\Entity</Filter>
    </ClCompile>
    <ClCompile Include="jmGameObject.cpp">
      <Filter>Engine\GameObject</Filter>
    </ClCompile>
    <ClCompile Include="jmLayer.cpp">
      <Filter>Engine\Layer</Filter>
    </ClCompile>
    <ClCompile Include="jmComponent.cpp">
      <Filter>Engine\Component</Filter>
    </ClCompile>
    <ClCompile Include="jmSpriteRenderer.cpp">
      <Filter>Engine\Component</Filter>
    </ClCompile>
    <ClCompile Include="jmTransform.cpp">
      <Filter>Engine\Component\Transform</Filter>
    </ClCompile>
    <ClCompile Include="jmScene.cpp">
      <Filter>Engine\Scene</Filter>
    </ClCompile>
    <ClCompile Include="jmPlayer.cpp">
      <Filter>Contents\Stageone\GameObject\Player</Filter>
    </ClCompile>
    <ClCompile Include="jmTitleScene.cpp">
      <Filter>Contents\Stageone\Scene</Filter>
    </ClCompile>
    <ClCompile Include="jmSceneManager.cpp">
      <Filter>Engine\Scene</Filter>
    </ClCompile>
    <ClCompile Include="jmPlayScene.cpp">
      <Filter>Contents\Stageone\Scene</Filter>
    </ClCompile>
    <ClCompile Include="jmCutScene.cpp">
      <Filter>Contents\Stageone\Scene</Filter>
    </ClCompile>
    <ClCompile Include="jmBackGround.cpp">
      <Filter>Contents\Stageone\GameObject\BackGround</Filter>
    </ClCompile>
    <ClCompile Include="jmText.cpp">
      <Filter>Contents\Stageone\GameObject\Text</Filter>
    </ClCompile>
    <ClCompile Include="jmMonster.cpp">
      <Filter>Contents\Stageone\GameObject\Monster</Filter>
    </ClCompile>
    <ClCompile Include="jmEndingScene.cpp">
      <Filter>Contents\Stageone\Scene</Filter>
    </ClCompile>
    <ClCompile Include="jmResource.cpp">
      <Filter>Engine\Resource</Filter>
    </ClCompile>
    <ClCompile Include="jmResources.cpp">
      <Filter>Engine\Resource</Filter>
    </ClCompile>
    <ClCompile Include="jmTexture.cpp">
      <Filter>Engine\Resource\Image</Filter>
    </ClCompile>
    <ClCompile Include="jmMath.cpp">
      <Filter>Engine\Common</Filter>
    </ClCompile>
    <ClCompile Include="jmDevil.cpp">
      <Filter>Contents\Stageone\GameObject\Devil</Filter>
    </ClCompile>
    <ClCompile Include="jmUI.cpp">
      <Filter>Contents\Stageone\GameObject\UI</Filter>
    </ClCompile>
    <ClCompile Include="jmAnimator.cpp">
      <Filter>Engine\Component\Animator</Filter>
    </ClCompile>
    <ClCompile Include="jmAnimation.cpp">
      <Filter>Engine\Resource\Animation</Filter>
    </ClCompile>
    <ClCompile Include="jmCollider.cpp">
      <Filter>Engine\Component\Collider</Filter>
    </ClCompile>
    <ClCompile Include="jmCollisionManager.cpp">
      <Filter>Engine\Collision</Filter>
    </ClCompile>
    <ClCompile Include="jmWall.cpp">
      <Filter>Contents\Stageone\GameObject\Wall</Filter>
    </ClCompile>
    <ClCompile Include="jmTile.cpp">
      <Filter>Engine\Tool</Filter>
    </ClCompile>
    <ClCompile Include="jmToolScene.cpp">
      <Filter>Contents\Stageone\Scene</Filter>
    </ClCompile>
  </ItemGroup>
</Project>